
Microsoft Visual Studio Solution File, Format Version 12.00
# Visual Studio Version 17
VisualStudioVersion = 17.5.33516.290
MinimumVisualStudioVersion = 10.0.40219.1
Project("{8BC9CEB8-8B4A-11D0-8D11-00A0C91BC942}") = "exee_2_118_C", "exee_2_118_C\exee_2_118_C.vcxproj", "{9C033791-F77F-4EDA-BD45-2ADEB463AEDB}"
EndProject
Global
	GlobalSection(SolutionConfigurationPlatforms) = preSolution
		Debug|x64 = Debug|x64
		Debug|x86 = Debug|x86
		Release|x64 = Release|x64
		Release|x86 = Release|x86
	EndGlobalSection
	GlobalSection(ProjectConfigurationPlatforms) = postSolution
		{9C033791-F77F-4EDA-BD45-2ADEB463AEDB}.Debug|x64.ActiveCfg = Debug|x64
		{9C033791-F77F-4EDA-BD45-2ADEB463AEDB}.Debug|x64.Build.0 = Debug|x64
		{9C033791-F77F-4EDA-BD45-2ADEB463AEDB}.Debug|x86.ActiveCfg = Debug|Win32
		{9C033791-F77F-4EDA-BD45-2ADEB463AEDB}.Debug|x86.Build.0 = Debug|Win32
		{9C033791-F77F-4EDA-BD45-2ADEB463AEDB}.Release|x64.ActiveCfg = Release|x64
		{9C033791-F77F-4EDA-BD45-2ADEB463AEDB}.Release|x64.Build.0 = Release|x64
		{9C033791-F77F-4EDA-BD45-2ADEB463AEDB}.Release|x86.ActiveCfg = Release|Win32
		{9C033791-F77F-4EDA-BD45-2ADEB463AEDB}.Release|x86.Build.0 = Release|Win32
	EndGlobalSection
	GlobalSection(SolutionProperties) = preSolution
		HideSolutionNode = FALSE
	EndGlobalSection
	GlobalSection(ExtensibilityGlobals) = postSolution
		SolutionGuid = {D543AC76-7A6E-448C-9AA2-6561F9B19CCD}
	EndGlobalSection
EndGlobal
